
Microsoft Visual Studio Solution File, Format Version 12.00
# Visual Studio Version 17
VisualStudioVersion = 17.2.32616.157
MinimumVisualStudioVersion = 10.0.40219.1
Project("{9A19103F-16F7-4668-BE54-9A1E7A4F7556}") = "MeowPlanet", "MeowPlanet\MeowPlanet.csproj", "{90F56352-9BF0-4FDB-9265-59B4FDA0EB94}"
EndProject
Global
	GlobalSection(SolutionConfigurationPlatforms) = preSolution
		Debug|Any CPU = Debug|Any CPU
		Release|Any CPU = Release|Any CPU
	EndGlobalSection
	GlobalSection(ProjectConfigurationPlatforms) = postSolution
		{90F56352-9BF0-4FDB-9265-59B4FDA0EB94}.Debug|Any CPU.ActiveCfg = Debug|Any CPU
		{90F56352-9BF0-4FDB-9265-59B4FDA0EB94}.Debug|Any CPU.Build.0 = Debug|Any CPU
		{90F56352-9BF0-4FDB-9265-59B4FDA0EB94}.Release|Any CPU.ActiveCfg = Release|Any CPU
		{90F56352-9BF0-4FDB-9265-59B4FDA0EB94}.Release|Any CPU.Build.0 = Release|Any CPU
	EndGlobalSection
	GlobalSection(SolutionProperties) = preSolution
		HideSolutionNode = FALSE
	EndGlobalSection
	GlobalSection(ExtensibilityGlobals) = postSolution
		SolutionGuid = {86F1B172-7416-4445-867E-9F5CCA41A7A2}
	EndGlobalSection
EndGlobal
